
Microsoft Visual Studio Solution File, Format Version 12.00
# Visual Studio Version 16
VisualStudioVersion = 16.0.32630.194
MinimumVisualStudioVersion = 10.0.40219.1
Project("{FAE04EC0-301F-11D3-BF4B-00C04F79EFBC}") = "InterfaceProgram", "InterfaceProgram\InterfaceProgram.csproj", "{DB6DF354-718A-4A5C-9652-EE50C86FCA35}"
EndProject
Global
	GlobalSection(SolutionConfigurationPlatforms) = preSolution
		Debug|Any CPU = Debug|Any CPU
		Release|Any CPU = Release|Any CPU
	EndGlobalSection
	GlobalSection(ProjectConfigurationPlatforms) = postSolution
		{DB6DF354-718A-4A5C-9652-EE50C86FCA35}.Debug|Any CPU.ActiveCfg = Debug|Any CPU
		{DB6DF354-718A-4A5C-9652-EE50C86FCA35}.Debug|Any CPU.Build.0 = Debug|Any CPU
		{DB6DF354-718A-4A5C-9652-EE50C86FCA35}.Release|Any CPU.ActiveCfg = Release|Any CPU
		{DB6DF354-718A-4A5C-9652-EE50C86FCA35}.Release|Any CPU.Build.0 = Release|Any CPU
	EndGlobalSection
	GlobalSection(SolutionProperties) = preSolution
		HideSolutionNode = FALSE
	EndGlobalSection
	GlobalSection(ExtensibilityGlobals) = postSolution
		SolutionGuid = {ADF779C6-7044-481C-A3DA-B9CD1EA32DD5}
	EndGlobalSection
EndGlobal
